
Microsoft Visual Studio Solution File, Format Version 12.00
# Visual Studio 15
VisualStudioVersion = 15.0.27130.2026
MinimumVisualStudioVersion = 10.0.40219.1
Project("{FAE04EC0-301F-11D3-BF4B-00C04F79EFBC}") = "CalculadoraTaxaSalarial.Application", "CalculadoraTaxaSalarial.Application\CalculadoraTaxaSalarial.Application.csproj", "{6261A1C9-EC96-4B98-9F6D-2745F86E9648}"
EndProject
Project("{FAE04EC0-301F-11D3-BF4B-00C04F79EFBC}") = "CalculadoraTaxaSalarial.DependencyInjection", "CalculadoraTaxaSalarial.DependencyInjection\CalculadoraTaxaSalarial.DependencyInjection.csproj", "{261F61F2-6345-4885-AB4E-3E46528AF798}"
EndProject
Project("{FAE04EC0-301F-11D3-BF4B-00C04F79EFBC}") = "CalculadoraTaxaSalarial.BusinessLogic", "CalculadoraTaxaSalarial.BusinessLogic\CalculadoraTaxaSalarial.BusinessLogic.csproj", "{D69B7E4B-022B-476D-B005-A26773A6D9F3}"
EndProject
Project("{FAE04EC0-301F-11D3-BF4B-00C04F79EFBC}") = "CalculadoraTaxaSalarial.Model", "CalculadoraTaxaSalarial.Model\CalculadoraTaxaSalarial.Model.csproj", "{6C92CBC0-A60A-4C9B-BC00-EB8470477D7C}"
EndProject
Global
	GlobalSection(SolutionConfigurationPlatforms) = preSolution
		Debug|Any CPU = Debug|Any CPU
		Release|Any CPU = Release|Any CPU
	EndGlobalSection
	GlobalSection(ProjectConfigurationPlatforms) = postSolution
		{6261A1C9-EC96-4B98-9F6D-2745F86E9648}.Debug|Any CPU.ActiveCfg = Debug|Any CPU
		{6261A1C9-EC96-4B98-9F6D-2745F86E9648}.Debug|Any CPU.Build.0 = Debug|Any CPU
		{6261A1C9-EC96-4B98-9F6D-2745F86E9648}.Release|Any CPU.ActiveCfg = Release|Any CPU
		{6261A1C9-EC96-4B98-9F6D-2745F86E9648}.Release|Any CPU.Build.0 = Release|Any CPU
		{261F61F2-6345-4885-AB4E-3E46528AF798}.Debug|Any CPU.ActiveCfg = Debug|Any CPU
		{261F61F2-6345-4885-AB4E-3E46528AF798}.Debug|Any CPU.Build.0 = Debug|Any CPU
		{261F61F2-6345-4885-AB4E-3E46528AF798}.Release|Any CPU.ActiveCfg = Release|Any CPU
		{261F61F2-6345-4885-AB4E-3E46528AF798}.Release|Any CPU.Build.0 = Release|Any CPU
		{D69B7E4B-022B-476D-B005-A26773A6D9F3}.Debug|Any CPU.ActiveCfg = Debug|Any CPU
		{D69B7E4B-022B-476D-B005-A26773A6D9F3}.Debug|Any CPU.Build.0 = Debug|Any CPU
		{D69B7E4B-022B-476D-B005-A26773A6D9F3}.Release|Any CPU.ActiveCfg = Release|Any CPU
		{D69B7E4B-022B-476D-B005-A26773A6D9F3}.Release|Any CPU.Build.0 = Release|Any CPU
		{6C92CBC0-A60A-4C9B-BC00-EB8470477D7C}.Debug|Any CPU.ActiveCfg = Debug|Any CPU
		{6C92CBC0-A60A-4C9B-BC00-EB8470477D7C}.Debug|Any CPU.Build.0 = Debug|Any CPU
		{6C92CBC0-A60A-4C9B-BC00-EB8470477D7C}.Release|Any CPU.ActiveCfg = Release|Any CPU
		{6C92CBC0-A60A-4C9B-BC00-EB8470477D7C}.Release|Any CPU.Build.0 = Release|Any CPU
	EndGlobalSection
	GlobalSection(SolutionProperties) = preSolution
		HideSolutionNode = FALSE
	EndGlobalSection
	GlobalSection(ExtensibilityGlobals) = postSolution
		SolutionGuid = {3EF7A2DB-239A-470D-8AAF-94BB060BA61B}
	EndGlobalSection
EndGlobal
